
Microsoft Visual Studio Solution File, Format Version 12.00
# Visual Studio 2013
VisualStudioVersion = 12.0.31101.0
MinimumVisualStudioVersion = 10.0.40219.1
Project("{8BC9CEB8-8B4A-11D0-8D11-00A0C91BC942}") = "ShaderProcessor", "ShaderProcessor\ShaderProcessor.vcxproj", "{9F563558-CE4F-431E-BB85-7FFD22CFE562}"
	ProjectSection(ProjectDependencies) = postProject
		{8A5D13CD-5BE9-43C1-977C-0BCE4CF6CA10} = {8A5D13CD-5BE9-43C1-977C-0BCE4CF6CA10}
	EndProjectSection
EndProject
Project("{8BC9CEB8-8B4A-11D0-8D11-00A0C91BC942}") = "DX", "DX\DX.vcxproj", "{73884195-8231-4AD9-80ED-8F41D03F4160}"
	ProjectSection(ProjectDependencies) = postProject
		{8A5D13CD-5BE9-43C1-977C-0BCE4CF6CA10} = {8A5D13CD-5BE9-43C1-977C-0BCE4CF6CA10}
	EndProjectSection
EndProject
Project("{8BC9CEB8-8B4A-11D0-8D11-00A0C91BC942}") = "Cube", "Cube\Cube.vcxproj", "{69F7A2E0-9831-4746-830C-039D2B360005}"
	ProjectSection(ProjectDependencies) = postProject
		{9F563558-CE4F-431E-BB85-7FFD22CFE562} = {9F563558-CE4F-431E-BB85-7FFD22CFE562}
	EndProjectSection
EndProject
Project("{8BC9CEB8-8B4A-11D0-8D11-00A0C91BC942}") = "DXBase", "DX\DXBase\DXBase.vcxproj", "{8A5D13CD-5BE9-43C1-977C-0BCE4CF6CA10}"
EndProject
Project("{8BC9CEB8-8B4A-11D0-8D11-00A0C91BC942}") = "assimp", "DX\assimp\workspaces\vc9\assimp.vcxproj", "{5691E159-2D9B-407F-971F-EA5C592DC524}"
EndProject
Project("{8BC9CEB8-8B4A-11D0-8D11-00A0C91BC942}") = "zlibstat", "zlib-1.2.8\contrib\vstudio\vc11\zlibstat.vcxproj", "{745DEC58-EBB3-47A9-A9B8-4C6627C01BF8}"
EndProject
Global
	GlobalSection(SolutionConfigurationPlatforms) = preSolution
		Debug|Any CPU = Debug|Any CPU
		Debug|Win32 = Debug|Win32
		Debug|x64 = Debug|x64
		Release|Any CPU = Release|Any CPU
		Release|Win32 = Release|Win32
		Release|x64 = Release|x64
		ShaderProcessorOnly|Any CPU = ShaderProcessorOnly|Any CPU
		ShaderProcessorOnly|Win32 = ShaderProcessorOnly|Win32
		ShaderProcessorOnly|x64 = ShaderProcessorOnly|x64
	EndGlobalSection
	GlobalSection(ProjectConfigurationPlatforms) = postSolution
		{9F563558-CE4F-431E-BB85-7FFD22CFE562}.Debug|Any CPU.ActiveCfg = Debug|Win32
		{9F563558-CE4F-431E-BB85-7FFD22CFE562}.Debug|Win32.ActiveCfg = Debug|Win32
		{9F563558-CE4F-431E-BB85-7FFD22CFE562}.Debug|Win32.Build.0 = Debug|Win32
		{9F563558-CE4F-431E-BB85-7FFD22CFE562}.Debug|x64.ActiveCfg = Debug|x64
		{9F563558-CE4F-431E-BB85-7FFD22CFE562}.Debug|x64.Build.0 = Debug|x64
		{9F563558-CE4F-431E-BB85-7FFD22CFE562}.Release|Any CPU.ActiveCfg = Release|Win32
		{9F563558-CE4F-431E-BB85-7FFD22CFE562}.Release|Win32.ActiveCfg = Release|Win32
		{9F563558-CE4F-431E-BB85-7FFD22CFE562}.Release|Win32.Build.0 = Release|Win32
		{9F563558-CE4F-431E-BB85-7FFD22CFE562}.Release|x64.ActiveCfg = Release|x64
		{9F563558-CE4F-431E-BB85-7FFD22CFE562}.Release|x64.Build.0 = Release|x64
		{9F563558-CE4F-431E-BB85-7FFD22CFE562}.ShaderProcessorOnly|Any CPU.ActiveCfg = ShaderProcessorOnly|Win32
		{9F563558-CE4F-431E-BB85-7FFD22CFE562}.ShaderProcessorOnly|Win32.ActiveCfg = ShaderProcessorOnly|Win32
		{9F563558-CE4F-431E-BB85-7FFD22CFE562}.ShaderProcessorOnly|Win32.Build.0 = ShaderProcessorOnly|Win32
		{9F563558-CE4F-431E-BB85-7FFD22CFE562}.ShaderProcessorOnly|x64.ActiveCfg = ShaderProcessorOnly|x64
		{9F563558-CE4F-431E-BB85-7FFD22CFE562}.ShaderProcessorOnly|x64.Build.0 = ShaderProcessorOnly|x64
		{73884195-8231-4AD9-80ED-8F41D03F4160}.Debug|Any CPU.ActiveCfg = Debug|Win32
		{73884195-8231-4AD9-80ED-8F41D03F4160}.Debug|Win32.ActiveCfg = Debug|Win32
		{73884195-8231-4AD9-80ED-8F41D03F4160}.Debug|Win32.Build.0 = Debug|Win32
		{73884195-8231-4AD9-80ED-8F41D03F4160}.Debug|x64.ActiveCfg = Debug|x64
		{73884195-8231-4AD9-80ED-8F41D03F4160}.Debug|x64.Build.0 = Debug|x64
		{73884195-8231-4AD9-80ED-8F41D03F4160}.Release|Any CPU.ActiveCfg = Release|Win32
		{73884195-8231-4AD9-80ED-8F41D03F4160}.Release|Win32.ActiveCfg = Release|Win32
		{73884195-8231-4AD9-80ED-8F41D03F4160}.Release|Win32.Build.0 = Release|Win32
		{73884195-8231-4AD9-80ED-8F41D03F4160}.Release|x64.ActiveCfg = Release|x64
		{73884195-8231-4AD9-80ED-8F41D03F4160}.Release|x64.Build.0 = Release|x64
		{73884195-8231-4AD9-80ED-8F41D03F4160}.ShaderProcessorOnly|Any CPU.ActiveCfg = ShaderProcessorOnly|Win32
		{73884195-8231-4AD9-80ED-8F41D03F4160}.ShaderProcessorOnly|Win32.ActiveCfg = ShaderProcessorOnly|Win32
		{73884195-8231-4AD9-80ED-8F41D03F4160}.ShaderProcessorOnly|Win32.Build.0 = ShaderProcessorOnly|Win32
		{73884195-8231-4AD9-80ED-8F41D03F4160}.ShaderProcessorOnly|x64.ActiveCfg = ShaderProcessorOnly|x64
		{69F7A2E0-9831-4746-830C-039D2B360005}.Debug|Any CPU.ActiveCfg = Debug|Win32
		{69F7A2E0-9831-4746-830C-039D2B360005}.Debug|Win32.ActiveCfg = Debug|Win32
		{69F7A2E0-9831-4746-830C-039D2B360005}.Debug|Win32.Build.0 = Debug|Win32
		{69F7A2E0-9831-4746-830C-039D2B360005}.Debug|x64.ActiveCfg = Debug|x64
		{69F7A2E0-9831-4746-830C-039D2B360005}.Debug|x64.Build.0 = Debug|x64
		{69F7A2E0-9831-4746-830C-039D2B360005}.Release|Any CPU.ActiveCfg = Release|Win32
		{69F7A2E0-9831-4746-830C-039D2B360005}.Release|Win32.ActiveCfg = Release|Win32
		{69F7A2E0-9831-4746-830C-039D2B360005}.Release|Win32.Build.0 = Release|Win32
		{69F7A2E0-9831-4746-830C-039D2B360005}.Release|x64.ActiveCfg = Release|x64
		{69F7A2E0-9831-4746-830C-039D2B360005}.Release|x64.Build.0 = Release|x64
		{69F7A2E0-9831-4746-830C-039D2B360005}.ShaderProcessorOnly|Any CPU.ActiveCfg = ShaderProcessorOnly|Win32
		{69F7A2E0-9831-4746-830C-039D2B360005}.ShaderProcessorOnly|Win32.ActiveCfg = ShaderProcessorOnly|Win32
		{69F7A2E0-9831-4746-830C-039D2B360005}.ShaderProcessorOnly|Win32.Build.0 = ShaderProcessorOnly|Win32
		{69F7A2E0-9831-4746-830C-039D2B360005}.ShaderProcessorOnly|x64.ActiveCfg = ShaderProcessorOnly|x64
		{8A5D13CD-5BE9-43C1-977C-0BCE4CF6CA10}.Debug|Any CPU.ActiveCfg = Debug|Win32
		{8A5D13CD-5BE9-43C1-977C-0BCE4CF6CA10}.Debug|Win32.ActiveCfg = Debug|Win32
		{8A5D13CD-5BE9-43C1-977C-0BCE4CF6CA10}.Debug|Win32.Build.0 = Debug|Win32
		{8A5D13CD-5BE9-43C1-977C-0BCE4CF6CA10}.Debug|x64.ActiveCfg = Debug|x64
		{8A5D13CD-5BE9-43C1-977C-0BCE4CF6CA10}.Debug|x64.Build.0 = Debug|x64
		{8A5D13CD-5BE9-43C1-977C-0BCE4CF6CA10}.Release|Any CPU.ActiveCfg = Release|Win32
		{8A5D13CD-5BE9-43C1-977C-0BCE4CF6CA10}.Release|Win32.ActiveCfg = Release|Win32
		{8A5D13CD-5BE9-43C1-977C-0BCE4CF6CA10}.Release|Win32.Build.0 = Release|Win32
		{8A5D13CD-5BE9-43C1-977C-0BCE4CF6CA10}.Release|x64.ActiveCfg = Release|x64
		{8A5D13CD-5BE9-43C1-977C-0BCE4CF6CA10}.Release|x64.Build.0 = Release|x64
		{8A5D13CD-5BE9-43C1-977C-0BCE4CF6CA10}.ShaderProcessorOnly|Any CPU.ActiveCfg = ShaderProcessorOnly|Win32
		{8A5D13CD-5BE9-43C1-977C-0BCE4CF6CA10}.ShaderProcessorOnly|Win32.ActiveCfg = ShaderProcessorOnly|Win32
		{8A5D13CD-5BE9-43C1-977C-0BCE4CF6CA10}.ShaderProcessorOnly|Win32.Build.0 = ShaderProcessorOnly|Win32
		{8A5D13CD-5BE9-43C1-977C-0BCE4CF6CA10}.ShaderProcessorOnly|x64.ActiveCfg = ShaderProcessorOnly|x64
		{8A5D13CD-5BE9-43C1-977C-0BCE4CF6CA10}.ShaderProcessorOnly|x64.Build.0 = ShaderProcessorOnly|x64
		{5691E159-2D9B-407F-971F-EA5C592DC524}.Debug|Any CPU.ActiveCfg = Debug|Win32
		{5691E159-2D9B-407F-971F-EA5C592DC524}.Debug|Win32.ActiveCfg = Debug|Win32
		{5691E159-2D9B-407F-971F-EA5C592DC524}.Debug|Win32.Build.0 = Debug|Win32
		{5691E159-2D9B-407F-971F-EA5C592DC524}.Debug|x64.ActiveCfg = Debug|x64
		{5691E159-2D9B-407F-971F-EA5C592DC524}.Debug|x64.Build.0 = Debug|x64
		{5691E159-2D9B-407F-971F-EA5C592DC524}.Release|Any CPU.ActiveCfg = Release|Win32
		{5691E159-2D9B-407F-971F-EA5C592DC524}.Release|Win32.ActiveCfg = Release|Win32
		{5691E159-2D9B-407F-971F-EA5C592DC524}.Release|Win32.Build.0 = Release|Win32
		{5691E159-2D9B-407F-971F-EA5C592DC524}.Release|x64.ActiveCfg = Release|x64
		{5691E159-2D9B-407F-971F-EA5C592DC524}.Release|x64.Build.0 = Release|x64
		{5691E159-2D9B-407F-971F-EA5C592DC524}.ShaderProcessorOnly|Any CPU.ActiveCfg = ShaderProcessorOnly|Win32
		{5691E159-2D9B-407F-971F-EA5C592DC524}.ShaderProcessorOnly|Win32.ActiveCfg = ShaderProcessorOnly|Win32
		{5691E159-2D9B-407F-971F-EA5C592DC524}.ShaderProcessorOnly|Win32.Build.0 = ShaderProcessorOnly|Win32
		{5691E159-2D9B-407F-971F-EA5C592DC524}.ShaderProcessorOnly|x64.ActiveCfg = ShaderProcessorOnly|x64
		{745DEC58-EBB3-47A9-A9B8-4C6627C01BF8}.Debug|Any CPU.ActiveCfg = Debug|Win32
		{745DEC58-EBB3-47A9-A9B8-4C6627C01BF8}.Debug|Win32.ActiveCfg = Debug|Win32
		{745DEC58-EBB3-47A9-A9B8-4C6627C01BF8}.Debug|Win32.Build.0 = Debug|Win32
		{745DEC58-EBB3-47A9-A9B8-4C6627C01BF8}.Debug|x64.ActiveCfg = Debug|x64
		{745DEC58-EBB3-47A9-A9B8-4C6627C01BF8}.Debug|x64.Build.0 = Debug|x64
		{745DEC58-EBB3-47A9-A9B8-4C6627C01BF8}.Release|Any CPU.ActiveCfg = Release|Win32
		{745DEC58-EBB3-47A9-A9B8-4C6627C01BF8}.Release|Win32.ActiveCfg = Release|Win32
		{745DEC58-EBB3-47A9-A9B8-4C6627C01BF8}.Release|Win32.Build.0 = Release|Win32
		{745DEC58-EBB3-47A9-A9B8-4C6627C01BF8}.Release|x64.ActiveCfg = Release|x64
		{745DEC58-EBB3-47A9-A9B8-4C6627C01BF8}.Release|x64.Build.0 = Release|x64
		{745DEC58-EBB3-47A9-A9B8-4C6627C01BF8}.ShaderProcessorOnly|Any CPU.ActiveCfg = ShaderProcessorOnly|Win32
		{745DEC58-EBB3-47A9-A9B8-4C6627C01BF8}.ShaderProcessorOnly|Win32.ActiveCfg = ShaderProcessorOnly|Win32
		{745DEC58-EBB3-47A9-A9B8-4C6627C01BF8}.ShaderProcessorOnly|Win32.Build.0 = ShaderProcessorOnly|Win32
		{745DEC58-EBB3-47A9-A9B8-4C6627C01BF8}.ShaderProcessorOnly|x64.ActiveCfg = ShaderProcessorOnly|x64
	EndGlobalSection
	GlobalSection(SolutionProperties) = preSolution
		HideSolutionNode = FALSE
	EndGlobalSection
EndGlobal
