
Microsoft Visual Studio Solution File, Format Version 12.00
# Visual Studio 2013
VisualStudioVersion = 12.0.31101.0
MinimumVisualStudioVersion = 10.0.40219.1
Project("{8BC9CEB8-8B4A-11D0-8D11-00A0C91BC942}") = "ShaderProcessor", "ShaderProcessor\ShaderProcessor.vcxproj", "{9F563558-CE4F-431E-BB85-7FFD22CFE562}"
	ProjectSection(ProjectDependencies) = postProject
		{73884195-8231-4AD9-80ED-8F41D03F4160} = {73884195-8231-4AD9-80ED-8F41D03F4160}
	EndProjectSection
EndProject
Project("{8BC9CEB8-8B4A-11D0-8D11-00A0C91BC942}") = "DX", "DX\DX.vcxproj", "{73884195-8231-4AD9-80ED-8F41D03F4160}"
EndProject
Project("{8BC9CEB8-8B4A-11D0-8D11-00A0C91BC942}") = "Cube", "Cube\Cube.vcxproj", "{69F7A2E0-9831-4746-830C-039D2B360005}"
EndProject
Global
	GlobalSection(SolutionConfigurationPlatforms) = preSolution
		Debug|Win32 = Debug|Win32
		Debug|x64 = Debug|x64
		Release|Win32 = Release|Win32
		Release|x64 = Release|x64
	EndGlobalSection
	GlobalSection(ProjectConfigurationPlatforms) = postSolution
		{9F563558-CE4F-431E-BB85-7FFD22CFE562}.Debug|Win32.ActiveCfg = Debug|Win32
		{9F563558-CE4F-431E-BB85-7FFD22CFE562}.Debug|Win32.Build.0 = Debug|Win32
		{9F563558-CE4F-431E-BB85-7FFD22CFE562}.Debug|x64.ActiveCfg = Debug|x64
		{9F563558-CE4F-431E-BB85-7FFD22CFE562}.Debug|x64.Build.0 = Debug|x64
		{9F563558-CE4F-431E-BB85-7FFD22CFE562}.Release|Win32.ActiveCfg = Release|Win32
		{9F563558-CE4F-431E-BB85-7FFD22CFE562}.Release|Win32.Build.0 = Release|Win32
		{9F563558-CE4F-431E-BB85-7FFD22CFE562}.Release|x64.ActiveCfg = Release|x64
		{9F563558-CE4F-431E-BB85-7FFD22CFE562}.Release|x64.Build.0 = Release|x64
		{73884195-8231-4AD9-80ED-8F41D03F4160}.Debug|Win32.ActiveCfg = Debug|Win32
		{73884195-8231-4AD9-80ED-8F41D03F4160}.Debug|Win32.Build.0 = Debug|Win32
		{73884195-8231-4AD9-80ED-8F41D03F4160}.Debug|x64.ActiveCfg = Debug|x64
		{73884195-8231-4AD9-80ED-8F41D03F4160}.Debug|x64.Build.0 = Debug|x64
		{73884195-8231-4AD9-80ED-8F41D03F4160}.Release|Win32.ActiveCfg = Release|Win32
		{73884195-8231-4AD9-80ED-8F41D03F4160}.Release|Win32.Build.0 = Release|Win32
		{73884195-8231-4AD9-80ED-8F41D03F4160}.Release|x64.ActiveCfg = Release|x64
		{73884195-8231-4AD9-80ED-8F41D03F4160}.Release|x64.Build.0 = Release|x64
		{69F7A2E0-9831-4746-830C-039D2B360005}.Debug|Win32.ActiveCfg = Debug|Win32
		{69F7A2E0-9831-4746-830C-039D2B360005}.Debug|Win32.Build.0 = Debug|Win32
		{69F7A2E0-9831-4746-830C-039D2B360005}.Debug|x64.ActiveCfg = Debug|x64
		{69F7A2E0-9831-4746-830C-039D2B360005}.Debug|x64.Build.0 = Debug|x64
		{69F7A2E0-9831-4746-830C-039D2B360005}.Release|Win32.ActiveCfg = Release|Win32
		{69F7A2E0-9831-4746-830C-039D2B360005}.Release|Win32.Build.0 = Release|Win32
		{69F7A2E0-9831-4746-830C-039D2B360005}.Release|x64.ActiveCfg = Release|x64
		{69F7A2E0-9831-4746-830C-039D2B360005}.Release|x64.Build.0 = Release|x64
	EndGlobalSection
	GlobalSection(SolutionProperties) = preSolution
		HideSolutionNode = FALSE
	EndGlobalSection
EndGlobal
