<?xml version="1.0" encoding="utf-8"?>
<Project ToolsVersion="4.0" xmlns="http://schemas.microsoft.com/developer/msbuild/2003">
  <ItemGroup>
    <ClCompile Include="..\..\..\zutil.c" />
    <ClCompile Include="..\..\..\adler32.c">
      <Filter>Source</Filter>
    </ClCompile>
    <ClCompile Include="..\..\..\compress.c">
      <Filter>Source</Filter>
    </ClCompile>
    <ClCompile Include="..\..\..\crc32.c">
      <Filter>Source</Filter>
    </ClCompile>
    <ClCompile Include="..\..\..\deflate.c">
      <Filter>Source</Filter>
    </ClCompile>
    <ClCompile Include="..\..\..\gzclose.c">
      <Filter>Source</Filter>
    </ClCompile>
    <ClCompile Include="..\..\..\gzlib.c">
      <Filter>Source</Filter>
    </ClCompile>
    <ClCompile Include="..\..\..\gzread.c">
      <Filter>Source</Filter>
    </ClCompile>
    <ClCompile Include="..\..\..\gzwrite.c">
      <Filter>Source</Filter>
    </ClCompile>
    <ClCompile Include="..\..\..\infback.c">
      <Filter>Source</Filter>
    </ClCompile>
    <ClCompile Include="..\..\masmx64\inffas8664.c">
      <Filter>Source</Filter>
    </ClCompile>
    <ClCompile Include="..\..\..\inffast.c">
      <Filter>Source</Filter>
    </ClCompile>
    <ClCompile Include="..\..\..\inflate.c">
      <Filter>Source</Filter>
    </ClCompile>
    <ClCompile Include="..\..\..\inftrees.c">
      <Filter>Source</Filter>
    </ClCompile>
    <ClCompile Include="..\..\..\trees.c">
      <Filter>Source</Filter>
    </ClCompile>
    <ClCompile Include="..\..\..\uncompr.c">
      <Filter>Source</Filter>
    </ClCompile>
    <ClCompile Include="..\..\..\infback9.c">
      <Filter>Source</Filter>
    </ClCompile>
    <ClCompile Include="..\..\..\inftree9.c">
      <Filter>Source</Filter>
    </ClCompile>
  </ItemGroup>
  <ItemGroup>
    <ResourceCompile Include="zlib.rc" />
  </ItemGroup>
  <ItemGroup>
    <None Include="zlibvc.def" />
  </ItemGroup>
  <ItemGroup>
    <Filter Include="Source">
      <UniqueIdentifier>{f0eefd62-ad9e-417f-9492-04f079d61193}</UniqueIdentifier>
      <Extensions>*.c</Extensions>
    </Filter>
    <Filter Include="Headers">
      <UniqueIdentifier>{c5f174c7-e1a1-4cd1-9efb-1d519a5ac143}</UniqueIdentifier>
      <Extensions>*.h</Extensions>
    </Filter>
  </ItemGroup>
  <ItemGroup>
    <ClInclude Include="..\..\..\crc32.h">
      <Filter>Headers</Filter>
    </ClInclude>
    <ClInclude Include="..\..\..\deflate.h">
      <Filter>Headers</Filter>
    </ClInclude>
    <ClInclude Include="..\..\..\gzguts.h">
      <Filter>Headers</Filter>
    </ClInclude>
    <ClInclude Include="..\..\..\inffast.h">
      <Filter>Headers</Filter>
    </ClInclude>
    <ClInclude Include="..\..\..\inffixed.h">
      <Filter>Headers</Filter>
    </ClInclude>
    <ClInclude Include="..\..\..\inflate.h">
      <Filter>Headers</Filter>
    </ClInclude>
    <ClInclude Include="..\..\..\inftrees.h">
      <Filter>Headers</Filter>
    </ClInclude>
    <ClInclude Include="..\..\..\trees.h">
      <Filter>Headers</Filter>
    </ClInclude>
    <ClInclude Include="..\..\..\zconf.h">
      <Filter>Headers</Filter>
    </ClInclude>
    <ClInclude Include="..\..\..\zlib.h">
      <Filter>Headers</Filter>
    </ClInclude>
    <ClInclude Include="..\..\..\zutil.h" />
    <ClInclude Include="..\..\..\infback9.h">
      <Filter>Headers</Filter>
    </ClInclude>
    <ClInclude Include="..\..\..\inffix9.h">
      <Filter>Headers</Filter>
    </ClInclude>
    <ClInclude Include="..\..\..\inflate9.h">
      <Filter>Headers</Filter>
    </ClInclude>
    <ClInclude Include="..\..\..\inftree9.h">
      <Filter>Headers</Filter>
    </ClInclude>
    <ClInclude Include="..\..\..\infbackstate.h">
      <Filter>Headers</Filter>
    </ClInclude>
    <ClInclude Include="..\..\..\code.h">
      <Filter>Headers</Filter>
    </ClInclude>
  </ItemGroup>
</Project>